
Microsoft Visual Studio Solution File, Format Version 12.00
# Visual Studio Version 16
VisualStudioVersion = 16.0.29306.81
MinimumVisualStudioVersion = 10.0.40219.1
Project("{9092AA53-FB77-4645-B42D-1CCCA6BD08BD}") = "VuejsAppTest", "VuejsAppTest\VuejsAppTest.njsproj", "{BDBBC65D-3A8D-4E8E-8952-3611F198FD88}"
EndProject
Global
	GlobalSection(SolutionConfigurationPlatforms) = preSolution
		Debug|Any CPU = Debug|Any CPU
		Release|Any CPU = Release|Any CPU
	EndGlobalSection
	GlobalSection(ProjectConfigurationPlatforms) = postSolution
		{BDBBC65D-3A8D-4E8E-8952-3611F198FD88}.Debug|Any CPU.ActiveCfg = Debug|Any CPU
		{BDBBC65D-3A8D-4E8E-8952-3611F198FD88}.Debug|Any CPU.Build.0 = Debug|Any CPU
		{BDBBC65D-3A8D-4E8E-8952-3611F198FD88}.Release|Any CPU.ActiveCfg = Release|Any CPU
		{BDBBC65D-3A8D-4E8E-8952-3611F198FD88}.Release|Any CPU.Build.0 = Release|Any CPU
	EndGlobalSection
	GlobalSection(SolutionProperties) = preSolution
		HideSolutionNode = FALSE
	EndGlobalSection
	GlobalSection(ExtensibilityGlobals) = postSolution
		SolutionGuid = {A5410424-B168-4E63-A9BC-F74B6BD78339}
	EndGlobalSection
EndGlobal
